
Microsoft Visual Studio Solution File, Format Version 12.00
# Visual Studio Version 16
VisualStudioVersion = 16.0.29001.49
MinimumVisualStudioVersion = 10.0.40219.1
Project("{9A19103F-16F7-4668-BE54-9A1E7A4F7556}") = "Citolab.QTI.Package.Creator", "Citolab.QTI.Package.Creator.csproj", "{D38786CA-6D89-4524-AF20-7E556BE542DD}"
EndProject
Project("{2150E333-8FDC-42A3-9474-1A3956D46DE8}") = "Demo", "Demo", "{A0D635BA-4B66-4D0C-9CC3-0CAC8979995B}"
EndProject
Project("{9A19103F-16F7-4668-BE54-9A1E7A4F7556}") = "SampleApp", "Demo\SampleApp.csproj", "{757283E2-55F2-4BB7-A2CA-072263789985}"
EndProject
Global
	GlobalSection(SolutionConfigurationPlatforms) = preSolution
		Debug|Any CPU = Debug|Any CPU
		Release|Any CPU = Release|Any CPU
	EndGlobalSection
	GlobalSection(ProjectConfigurationPlatforms) = postSolution
		{D38786CA-6D89-4524-AF20-7E556BE542DD}.Debug|Any CPU.ActiveCfg = Debug|Any CPU
		{D38786CA-6D89-4524-AF20-7E556BE542DD}.Debug|Any CPU.Build.0 = Debug|Any CPU
		{D38786CA-6D89-4524-AF20-7E556BE542DD}.Release|Any CPU.ActiveCfg = Release|Any CPU
		{D38786CA-6D89-4524-AF20-7E556BE542DD}.Release|Any CPU.Build.0 = Release|Any CPU
		{757283E2-55F2-4BB7-A2CA-072263789985}.Debug|Any CPU.ActiveCfg = Debug|Any CPU
		{757283E2-55F2-4BB7-A2CA-072263789985}.Debug|Any CPU.Build.0 = Debug|Any CPU
		{757283E2-55F2-4BB7-A2CA-072263789985}.Release|Any CPU.ActiveCfg = Release|Any CPU
		{757283E2-55F2-4BB7-A2CA-072263789985}.Release|Any CPU.Build.0 = Release|Any CPU
	EndGlobalSection
	GlobalSection(SolutionProperties) = preSolution
		HideSolutionNode = FALSE
	EndGlobalSection
	GlobalSection(NestedProjects) = preSolution
		{757283E2-55F2-4BB7-A2CA-072263789985} = {A0D635BA-4B66-4D0C-9CC3-0CAC8979995B}
	EndGlobalSection
	GlobalSection(ExtensibilityGlobals) = postSolution
		SolutionGuid = {BB7E52F1-B5E5-4588-971C-74C54E63DFB4}
	EndGlobalSection
EndGlobal
